{
  "name": "code-visualization",
  "version": "0.0.0",
  "lockfileVersion": 1,
  "requires": true,
  "dependencies": {
    "@angular/animations": {
      "version": "10.1.2",
      "resolved": "https://registry.npmjs.org/@angular/animations/-/animations-10.1.2.tgz",
      "integrity": "sha512-39KSRY61pLaggbuikx4bltJQQ/l54RjPDffZrUJsuCXIpBKHd+ew8CJ3rud+zjhDfA3pETb7WE1jeCNKo6Zo1A==",
      "requires": {
        "tslib": "^2.0.0"
      }
    },
    "@angular/common": {
      "version": "10.1.2",
      "resolved": "https://registry.npmjs.org/@angular/common/-/common-10.1.2.tgz",
      "integrity": "sha512-zsWZN30sUJVXcakKK+B7ANzDZNK5fqZRwawCp5IteUNveqxfl70CqSTft0twOnva0NGsiTgix9WH5XqnUJqYzg==",
      "requires": {
        "tslib": "^2.0.0"
      }
    },
    "@angular/compiler": {
      "version": "10.1.2",
      "resolved": "https://registry.npmjs.org/@angular/compiler/-/compiler-10.1.2.tgz",
      "integrity": "sha512-P7AMt15HwCXVBZcTqh9HqQcSTRzSy1cUjOjy+POz4C5VRAzpOXMUkh5mlbv9FtnrfmCIili7hBrf06a/q8orPQ==",
      "requires": {
        "tslib": "^2.0.0"
      }
    },
    "@angular/core": {
      "version": "10.1.2",
      "resolved": "https://registry.npmjs.org/@angular/core/-/core-10.1.2.tgz",
      "integrity": "sha512-iBVkCgXMp3TofrbZVwpuSbLAiLHF/fbx9xHnFcjBQUXBUIoxiEB4NcrPHibmBVNX0J45hO6iLsG+ZtFZbMifNg==",
      "requires": {
        "tslib": "^2.0.0"
      }
    },
    "@angular/forms": {
      "version": "10.1.2",
      "resolved": "https://registry.npmjs.org/@angular/forms/-/forms-10.1.2.tgz",
      "integrity": "sha512-BzzhKabLdI7JZAGz6oa+7ITEpVGhR+Tu0nhRsgyjZijz02vWAMexr1xXILLgCNMiMG509WDFvIbTwsd6lIFsXA==",
      "requires": {
        "tslib": "^2.0.0"
      }
    },
    "@angular/platform-browser": {
      "version": "10.1.2",
      "resolved": "https://registry.npmjs.org/@angular/platform-browser/-/platform-browser-10.1.2.tgz",
      "integrity": "sha512-zI6YUy2juR8y8jDfdGGYHxZ9kv3wDZzFj49CObx9GU6+ijQ9FsFCWnsB44LmlzC17xCoQ9wn+zYIHtpdf80zvA==",
      "requires": {
        "tslib": "^2.0.0"
      }
    },
    "@angular/platform-browser-dynamic": {
      "version": "10.1.2",
      "resolved": "https://registry.npmjs.org/@angular/platform-browser-dynamic/-/platform-browser-dynamic-10.1.2.tgz",
      "integrity": "sha512-ePxQdVSh3pJLq4Zxc+27VW+ekyU5MGrGDT/gpLhzXWu1EEUe786Q9fM4T6yA7mDP/1XF7HngF3hlMqla2ayqeA==",
      "requires": {
        "tslib": "^2.0.0"
      }
    },
    "@angular/router": {
      "version": "10.1.2",
      "resolved": "https://registry.npmjs.org/@angular/router/-/router-10.1.2.tgz",
      "integrity": "sha512-JufAdFyTsB9I9aMD/WNBaI4Fi81SuN6cJm9idSwsUHbEOfB96aQL4dfNEOarzfD9KtDi1vADzkrmVRc2tz2qNw==",
      "requires": {
        "tslib": "^2.0.0"
      }
    },
    "bootstrap": {
      "version": "4.5.2",
      "resolved": "https://registry.npmjs.org/bootstrap/-/bootstrap-4.5.2.tgz",
      "integrity": "sha512-vlGn0bcySYl/iV+BGA544JkkZP5LB3jsmkeKLFQakCOwCM3AOk7VkldBz4jrzSe+Z0Ezn99NVXa1o45cQY4R6A=="
    },
    "jquery": {
      "version": "3.5.1",
      "resolved": "https://registry.npmjs.org/jquery/-/jquery-3.5.1.tgz",
      "integrity": "sha512-XwIBPqcMn57FxfT+Go5pzySnm4KWkT1Tv7gjrpT1srtf8Weynl6R273VJ5GjkRb51IzMp5nbaPjJXMWeju2MKg=="
    },
    "popper.js": {
      "version": "1.16.1",
      "resolved": "https://registry.npmjs.org/popper.js/-/popper.js-1.16.1.tgz",
      "integrity": "sha512-Wb4p1J4zyFTbM+u6WuO4XstYx4Ky9Cewe4DWrel7B0w6VVICvPwdOpotjzcf6eD8TsckVnIMNONQyPIUFOUbCQ=="
    },
    "rxjs": {
      "version": "6.6.3",
      "resolved": "https://registry.npmjs.org/rxjs/-/rxjs-6.6.3.tgz",
      "integrity": "sha512-trsQc+xYYXZ3urjOiJOuCOa5N3jAZ3eiSpQB5hIT8zGlL2QfnHLJ2r7GMkBGuIausdJN1OneaI6gQlsqNHHmZQ==",
      "requires": {
        "tslib": "^1.9.0"
      },
      "dependencies": {
        "tslib": {
          "version": "1.13.0",
          "resolved": "https://registry.npmjs.org/tslib/-/tslib-1.13.0.tgz",
          "integrity": "sha512-i/6DQjL8Xf3be4K/E6Wgpekn5Qasl1usyw++dAA35Ue5orEn65VIxOA+YvNNl9HV3qv70T7CNwjODHZrLwvd1Q=="
        }
      }
    },
    "tslib": {
      "version": "2.0.1",
      "resolved": "https://registry.npmjs.org/tslib/-/tslib-2.0.1.tgz",
      "integrity": "sha512-SgIkNheinmEBgx1IUNirK0TUD4X9yjjBRTqqjggWCU3pUEqIk3/Uwl3yRixYKT6WjQuGiwDv4NomL3wqRCj+CQ=="
    },
    "zone.js": {
      "version": "0.11.1",
      "resolved": "https://registry.npmjs.org/zone.js/-/zone.js-0.11.1.tgz",
      "integrity": "sha512-KcZawpmVgS+3U2rzKTM6fLKaCX1QDv3//NxiSOOsqpQY/r5hl+xpYikPwY93Sp7CAB+J5mZJpb/YubxEYLGK5g==",
      "requires": {
        "tslib": "^2.0.0"
      }
    }
  }
}
